// !$*UTF8*$!
{
	archiveVersion = 1;
	classes = {
	};
	objectVersion = 50;
	objects = {

/* Begin PBXBuildFile section */
		3DD1E614588F71C7E4424C2B /* Pods_Tinder.framework in Frameworks */ = {isa = PBXBuildFile; fileRef = 0A83F2A7C29E741BDDF97C50 /* Pods_Tinder.framework */; };
		C868D5D52217169400AAC7C9 /* User.swift in Sources */ = {isa = PBXBuildFile; fileRef = C868D5D42217169400AAC7C9 /* User.swift */; };
		C868D5D8221721E900AAC7C9 /* CardViewModel.swift in Sources */ = {isa = PBXBuildFile; fileRef = C868D5D7221721E900AAC7C9 /* CardViewModel.swift */; };
		C868D5DA2218521100AAC7C9 /* Advertiser.swift in Sources */ = {isa = PBXBuildFile; fileRef = C868D5D92218521100AAC7C9 /* Advertiser.swift */; };
		C868D5DC221854C000AAC7C9 /* Images.xcassets in Resources */ = {isa = PBXBuildFile; fileRef = C868D5DB221854C000AAC7C9 /* Images.xcassets */; };
		C8A58854221C521B0033AB7B /* RegistrationController.swift in Sources */ = {isa = PBXBuildFile; fileRef = C8A58853221C521B0033AB7B /* RegistrationController.swift */; };
		C8A58856221C5EB30033AB7B /* CustomTextField.swift in Sources */ = {isa = PBXBuildFile; fileRef = C8A58855221C5EB30033AB7B /* CustomTextField.swift */; };
		C8A58858221D65750033AB7B /* RegistrationViewModel.swift in Sources */ = {isa = PBXBuildFile; fileRef = C8A58857221D65750033AB7B /* RegistrationViewModel.swift */; };
		C8A5885A221D8ED50033AB7B /* GoogleService-Info.plist in Resources */ = {isa = PBXBuildFile; fileRef = C8A58859221D8ED50033AB7B /* GoogleService-Info.plist */; };
		C8FAD9F822133D840067CBB3 /* AppDelegate.swift in Sources */ = {isa = PBXBuildFile; fileRef = C8FAD9F722133D840067CBB3 /* AppDelegate.swift */; };
		C8FAD9FA22133D840067CBB3 /* HomeController.swift in Sources */ = {isa = PBXBuildFile; fileRef = C8FAD9F922133D840067CBB3 /* HomeController.swift */; };
		C8FAD9FD22133D840067CBB3 /* Main.storyboard in Resources */ = {isa = PBXBuildFile; fileRef = C8FAD9FB22133D840067CBB3 /* Main.storyboard */; };
		C8FADA0222133D860067CBB3 /* LaunchScreen.storyboard in Resources */ = {isa = PBXBuildFile; fileRef = C8FADA0022133D860067CBB3 /* LaunchScreen.storyboard */; };
		C8FADA0B2213423D0067CBB3 /* Extensions+UIView.swift in Sources */ = {isa = PBXBuildFile; fileRef = C8FADA0A2213423D0067CBB3 /* Extensions+UIView.swift */; };
		C8FADA0E2214029D0067CBB3 /* HomeBottomControlsStackView.swift in Sources */ = {isa = PBXBuildFile; fileRef = C8FADA0D2214029D0067CBB3 /* HomeBottomControlsStackView.swift */; };
		C8FADA10221405F00067CBB3 /* HomeScreenView.swift in Sources */ = {isa = PBXBuildFile; fileRef = C8FADA0F221405F00067CBB3 /* HomeScreenView.swift */; };
		C8FADA1222140A580067CBB3 /* TopNavigationStackView.swift in Sources */ = {isa = PBXBuildFile; fileRef = C8FADA1122140A580067CBB3 /* TopNavigationStackView.swift */; };
		C8FADA14221424EE0067CBB3 /* CardView.swift in Sources */ = {isa = PBXBuildFile; fileRef = C8FADA13221424EE0067CBB3 /* CardView.swift */; };
/* End PBXBuildFile section */

/* Begin PBXFileReference section */
		0A83F2A7C29E741BDDF97C50 /* Pods_Tinder.framework */ = {isa = PBXFileReference; explicitFileType = wrapper.framework; includeInIndex = 0; path = Pods_Tinder.framework; sourceTree = BUILT_PRODUCTS_DIR; };
		74D7FF415D4AA8DDD79152CF /* Pods-Tinder.debug.xcconfig */ = {isa = PBXFileReference; includeInIndex = 1; lastKnownFileType = text.xcconfig; name = "Pods-Tinder.debug.xcconfig"; path = "Pods/Target Support Files/Pods-Tinder/Pods-Tinder.debug.xcconfig"; sourceTree = "<group>"; };
		81FDB3C0D296B1C4351821A7 /* Pods-Tinder.release.xcconfig */ = {isa = PBXFileReference; includeInIndex = 1; lastKnownFileType = text.xcconfig; name = "Pods-Tinder.release.xcconfig"; path = "Pods/Target Support Files/Pods-Tinder/Pods-Tinder.release.xcconfig"; sourceTree = "<group>"; };
		C868D5D42217169400AAC7C9 /* User.swift */ = {isa = PBXFileReference; lastKnownFileType = sourcecode.swift; path = User.swift; sourceTree = "<group>"; };
		C868D5D7221721E900AAC7C9 /* CardViewModel.swift */ = {isa = PBXFileReference; lastKnownFileType = sourcecode.swift; path = CardViewModel.swift; sourceTree = "<group>"; };
		C868D5D92218521100AAC7C9 /* Advertiser.swift */ = {isa = PBXFileReference; lastKnownFileType = sourcecode.swift; path = Advertiser.swift; sourceTree = "<group>"; };
		C868D5DB221854C000AAC7C9 /* Images.xcassets */ = {isa = PBXFileReference; lastKnownFileType = folder.assetcatalog; path = Images.xcassets; sourceTree = "<group>"; };
		C8A58853221C521B0033AB7B /* RegistrationController.swift */ = {isa = PBXFileReference; lastKnownFileType = sourcecode.swift; path = RegistrationController.swift; sourceTree = "<group>"; };
		C8A58855221C5EB30033AB7B /* CustomTextField.swift */ = {isa = PBXFileReference; lastKnownFileType = sourcecode.swift; path = CustomTextField.swift; sourceTree = "<group>"; };
		C8A58857221D65750033AB7B /* RegistrationViewModel.swift */ = {isa = PBXFileReference; lastKnownFileType = sourcecode.swift; path = RegistrationViewModel.swift; sourceTree = "<group>"; };
		C8A58859221D8ED50033AB7B /* GoogleService-Info.plist */ = {isa = PBXFileReference; fileEncoding = 4; lastKnownFileType = text.plist.xml; path = "GoogleService-Info.plist"; sourceTree = "<group>"; };
		C8FAD9F422133D840067CBB3 /* Tinder.app */ = {isa = PBXFileReference; explicitFileType = wrapper.application; includeInIndex = 0; path = Tinder.app; sourceTree = BUILT_PRODUCTS_DIR; };
		C8FAD9F722133D840067CBB3 /* AppDelegate.swift */ = {isa = PBXFileReference; lastKnownFileType = sourcecode.swift; path = AppDelegate.swift; sourceTree = "<group>"; };
		C8FAD9F922133D840067CBB3 /* HomeController.swift */ = {isa = PBXFileReference; lastKnownFileType = sourcecode.swift; path = HomeController.swift; sourceTree = "<group>"; };
		C8FAD9FC22133D840067CBB3 /* Base */ = {isa = PBXFileReference; lastKnownFileType = file.storyboard; name = Base; path = Base.lproj/Main.storyboard; sourceTree = "<group>"; };
		C8FADA0122133D860067CBB3 /* Base */ = {isa = PBXFileReference; lastKnownFileType = file.storyboard; name = Base; path = Base.lproj/LaunchScreen.storyboard; sourceTree = "<group>"; };
		C8FADA0322133D860067CBB3 /* Info.plist */ = {isa = PBXFileReference; lastKnownFileType = text.plist.xml; path = Info.plist; sourceTree = "<group>"; };
		C8FADA0A2213423D0067CBB3 /* Extensions+UIView.swift */ = {isa = PBXFileReference; fileEncoding = 4; lastKnownFileType = sourcecode.swift; path = "Extensions+UIView.swift"; sourceTree = "<group>"; };
		C8FADA0D2214029D0067CBB3 /* HomeBottomControlsStackView.swift */ = {isa = PBXFileReference; lastKnownFileType = sourcecode.swift; path = HomeBottomControlsStackView.swift; sourceTree = "<group>"; };
		C8FADA0F221405F00067CBB3 /* HomeScreenView.swift */ = {isa = PBXFileReference; lastKnownFileType = sourcecode.swift; path = HomeScreenView.swift; sourceTree = "<group>"; };
		C8FADA1122140A580067CBB3 /* TopNavigationStackView.swift */ = {isa = PBXFileReference; lastKnownFileType = sourcecode.swift; path = TopNavigationStackView.swift; sourceTree = "<group>"; };
		C8FADA13221424EE0067CBB3 /* CardView.swift */ = {isa = PBXFileReference; lastKnownFileType = sourcecode.swift; path = CardView.swift; sourceTree = "<group>"; };
/* End PBXFileReference section */

/* Begin PBXFrameworksBuildPhase section */
		C8FAD9F122133D840067CBB3 /* Frameworks */ = {
			isa = PBXFrameworksBuildPhase;
			buildActionMask = 2147483647;
			files = (
				3DD1E614588F71C7E4424C2B /* Pods_Tinder.framework in Frameworks */,
			);
			runOnlyForDeploymentPostprocessing = 0;
		};
/* End PBXFrameworksBuildPhase section */

/* Begin PBXGroup section */
		60632F1E3F9B28C8FE7012CE /* Pods */ = {
			isa = PBXGroup;
			children = (
				74D7FF415D4AA8DDD79152CF /* Pods-Tinder.debug.xcconfig */,
				81FDB3C0D296B1C4351821A7 /* Pods-Tinder.release.xcconfig */,
			);
			name = Pods;
			sourceTree = "<group>";
		};
		691F250DA5C5280FD31856C5 /* Frameworks */ = {
			isa = PBXGroup;
			children = (
				0A83F2A7C29E741BDDF97C50 /* Pods_Tinder.framework */,
			);
			name = Frameworks;
			sourceTree = "<group>";
		};
		C868D5D02217117500AAC7C9 /* Controllers */ = {
			isa = PBXGroup;
			children = (
				C8FAD9F722133D840067CBB3 /* AppDelegate.swift */,
				C8FAD9F922133D840067CBB3 /* HomeController.swift */,
				C8A58853221C521B0033AB7B /* RegistrationController.swift */,
			);
			name = Controllers;
			sourceTree = "<group>";
		};
		C868D5D32217167E00AAC7C9 /* Model */ = {
			isa = PBXGroup;
			children = (
				C868D5D42217169400AAC7C9 /* User.swift */,
				C868D5D92218521100AAC7C9 /* Advertiser.swift */,
			);
			path = Model;
			sourceTree = "<group>";
		};
		C868D5D6221721CE00AAC7C9 /* ViewModels */ = {
			isa = PBXGroup;
			children = (
				C868D5D7221721E900AAC7C9 /* CardViewModel.swift */,
				C8A58857221D65750033AB7B /* RegistrationViewModel.swift */,
			);
			name = ViewModels;
			sourceTree = "<group>";
		};
		C8FAD9EB22133D840067CBB3 = {
			isa = PBXGroup;
			children = (
				C8FAD9F622133D840067CBB3 /* Tinder */,
				C8FAD9F522133D840067CBB3 /* Products */,
				60632F1E3F9B28C8FE7012CE /* Pods */,
				691F250DA5C5280FD31856C5 /* Frameworks */,
			);
			sourceTree = "<group>";
		};
		C8FAD9F522133D840067CBB3 /* Products */ = {
			isa = PBXGroup;
			children = (
				C8FAD9F422133D840067CBB3 /* Tinder.app */,
			);
			name = Products;
			sourceTree = "<group>";
		};
		C8FAD9F622133D840067CBB3 /* Tinder */ = {
			isa = PBXGroup;
			children = (
				C868D5D6221721CE00AAC7C9 /* ViewModels */,
				C868D5D32217167E00AAC7C9 /* Model */,
				C868D5D02217117500AAC7C9 /* Controllers */,
				C8FADA0C2214025F0067CBB3 /* Views */,
				C8FADA09221341930067CBB3 /* Extension */,
				C8FAD9FB22133D840067CBB3 /* Main.storyboard */,
				C8FADA0022133D860067CBB3 /* LaunchScreen.storyboard */,
				C868D5DB221854C000AAC7C9 /* Images.xcassets */,
				C8FADA0322133D860067CBB3 /* Info.plist */,
				C8A58859221D8ED50033AB7B /* GoogleService-Info.plist */,
			);
			path = Tinder;
			sourceTree = "<group>";
		};
		C8FADA09221341930067CBB3 /* Extension */ = {
			isa = PBXGroup;
			children = (
				C8FADA0A2213423D0067CBB3 /* Extensions+UIView.swift */,
			);
			path = Extension;
			sourceTree = "<group>";
		};
		C8FADA0C2214025F0067CBB3 /* Views */ = {
			isa = PBXGroup;
			children = (
				C8FADA0F221405F00067CBB3 /* HomeScreenView.swift */,
				C8FADA0D2214029D0067CBB3 /* HomeBottomControlsStackView.swift */,
				C8FADA1122140A580067CBB3 /* TopNavigationStackView.swift */,
				C8FADA13221424EE0067CBB3 /* CardView.swift */,
				C8A58855221C5EB30033AB7B /* CustomTextField.swift */,
			);
			name = Views;
			sourceTree = "<group>";
		};
/* End PBXGroup section */

/* Begin PBXNativeTarget section */
		C8FAD9F322133D840067CBB3 /* Tinder */ = {
			isa = PBXNativeTarget;
			buildConfigurationList = C8FADA0622133D860067CBB3 /* Build configuration list for PBXNativeTarget "Tinder" */;
			buildPhases = (
				F6DA4F7F5DF4E3AC5C18502D /* [CP] Check Pods Manifest.lock */,
				C8FAD9F022133D840067CBB3 /* Sources */,
				C8FAD9F122133D840067CBB3 /* Frameworks */,
				C8FAD9F222133D840067CBB3 /* Resources */,
				F2BE9609AC18D7F389216703 /* [CP] Embed Pods Frameworks */,
			);
			buildRules = (
			);
			dependencies = (
			);
			name = Tinder;
			productName = Tinder;
			productReference = C8FAD9F422133D840067CBB3 /* Tinder.app */;
			productType = "com.apple.product-type.application";
		};
/* End PBXNativeTarget section */

/* Begin PBXProject section */
		C8FAD9EC22133D840067CBB3 /* Project object */ = {
			isa = PBXProject;
			attributes = {
				LastSwiftUpdateCheck = 1010;
				LastUpgradeCheck = 1010;
				ORGANIZATIONNAME = "Liroy Yarimi";
				TargetAttributes = {
					C8FAD9F322133D840067CBB3 = {
						CreatedOnToolsVersion = 10.1;
					};
				};
			};
			buildConfigurationList = C8FAD9EF22133D840067CBB3 /* Build configuration list for PBXProject "Tinder" */;
			compatibilityVersion = "Xcode 9.3";
			developmentRegion = en;
			hasScannedForEncodings = 0;
			knownRegions = (
				en,
				Base,
			);
			mainGroup = C8FAD9EB22133D840067CBB3;
			productRefGroup = C8FAD9F522133D840067CBB3 /* Products */;
			projectDirPath = "";
			projectRoot = "";
			targets = (
				C8FAD9F322133D840067CBB3 /* Tinder */,
			);
		};
/* End PBXProject section */

/* Begin PBXResourcesBuildPhase section */
		C8FAD9F222133D840067CBB3 /* Resources */ = {
			isa = PBXResourcesBuildPhase;
			buildActionMask = 2147483647;
			files = (
				C868D5DC221854C000AAC7C9 /* Images.xcassets in Resources */,
				C8A5885A221D8ED50033AB7B /* GoogleService-Info.plist in Resources */,
				C8FADA0222133D860067CBB3 /* LaunchScreen.storyboard in Resources */,
				C8FAD9FD22133D840067CBB3 /* Main.storyboard in Resources */,
			);
			runOnlyForDeploymentPostprocessing = 0;
		};
/* End PBXResourcesBuildPhase section */

/* Begin PBXShellScriptBuildPhase section */
		F2BE9609AC18D7F389216703 /* [CP] Embed Pods Frameworks */ = {
			isa = PBXShellScriptBuildPhase;
			buildActionMask = 2147483647;
			files = (
			);
			inputPaths = (
				"${SRCROOT}/Pods/Target Support Files/Pods-Tinder/Pods-Tinder-frameworks.sh",
				"${BUILT_PRODUCTS_DIR}/BoringSSL-GRPC/openssl_grpc.framework",
				"${BUILT_PRODUCTS_DIR}/GTMSessionFetcher/GTMSessionFetcher.framework",
				"${BUILT_PRODUCTS_DIR}/GoogleUtilities/GoogleUtilities.framework",
				"${BUILT_PRODUCTS_DIR}/JGProgressHUD/JGProgressHUD.framework",
				"${BUILT_PRODUCTS_DIR}/Protobuf/Protobuf.framework",
				"${BUILT_PRODUCTS_DIR}/SDWebImage/SDWebImage.framework",
				"${BUILT_PRODUCTS_DIR}/gRPC/GRPCClient.framework",
				"${BUILT_PRODUCTS_DIR}/gRPC-C++/grpcpp.framework",
				"${BUILT_PRODUCTS_DIR}/gRPC-Core/grpc.framework",
				"${BUILT_PRODUCTS_DIR}/gRPC-ProtoRPC/ProtoRPC.framework",
				"${BUILT_PRODUCTS_DIR}/gRPC-RxLibrary/RxLibrary.framework",
				"${BUILT_PRODUCTS_DIR}/leveldb-library/leveldb.framework",
				"${BUILT_PRODUCTS_DIR}/nanopb/nanopb.framework",
			);
			name = "[CP] Embed Pods Frameworks";
			outputPaths = (
				"${TARGET_BUILD_DIR}/${FRAMEWORKS_FOLDER_PATH}/openssl_grpc.framework",
				"${TARGET_BUILD_DIR}/${FRAMEWORKS_FOLDER_PATH}/GTMSessionFetcher.framework",
				"${TARGET_BUILD_DIR}/${FRAMEWORKS_FOLDER_PATH}/GoogleUtilities.framework",
				"${TARGET_BUILD_DIR}/${FRAMEWORKS_FOLDER_PATH}/JGProgressHUD.framework",
				"${TARGET_BUILD_DIR}/${FRAMEWORKS_FOLDER_PATH}/Protobuf.framework",
				"${TARGET_BUILD_DIR}/${FRAMEWORKS_FOLDER_PATH}/SDWebImage.framework",
				"${TARGET_BUILD_DIR}/${FRAMEWORKS_FOLDER_PATH}/GRPCClient.framework",
				"${TARGET_BUILD_DIR}/${FRAMEWORKS_FOLDER_PATH}/grpcpp.framework",
				"${TARGET_BUILD_DIR}/${FRAMEWORKS_FOLDER_PATH}/grpc.framework",
				"${TARGET_BUILD_DIR}/${FRAMEWORKS_FOLDER_PATH}/ProtoRPC.framework",
				"${TARGET_BUILD_DIR}/${FRAMEWORKS_FOLDER_PATH}/RxLibrary.framework",
				"${TARGET_BUILD_DIR}/${FRAMEWORKS_FOLDER_PATH}/leveldb.framework",
				"${TARGET_BUILD_DIR}/${FRAMEWORKS_FOLDER_PATH}/nanopb.framework",
			);
			runOnlyForDeploymentPostprocessing = 0;
			shellPath = /bin/sh;
			shellScript = "\"${SRCROOT}/Pods/Target Support Files/Pods-Tinder/Pods-Tinder-frameworks.sh\"\n";
			showEnvVarsInLog = 0;
		};
		F6DA4F7F5DF4E3AC5C18502D /* [CP] Check Pods Manifest.lock */ = {
			isa = PBXShellScriptBuildPhase;
			buildActionMask = 2147483647;
			files = (
			);
			inputPaths = (
				"${PODS_PODFILE_DIR_PATH}/Podfile.lock",
				"${PODS_ROOT}/Manifest.lock",
			);
			name = "[CP] Check Pods Manifest.lock";
			outputPaths = (
				"$(DERIVED_FILE_DIR)/Pods-Tinder-checkManifestLockResult.txt",
			);
			runOnlyForDeploymentPostprocessing = 0;
			shellPath = /bin/sh;
			shellScript = "diff \"${PODS_PODFILE_DIR_PATH}/Podfile.lock\" \"${PODS_ROOT}/Manifest.lock\" > /dev/null\nif [ $? != 0 ] ; then\n    # print error to STDERR\n    echo \"error: The sandbox is not in sync with the Podfile.lock. Run 'pod install' or update your CocoaPods installation.\" >&2\n    exit 1\nfi\n# This output is used by Xcode 'outputs' to avoid re-running this script phase.\necho \"SUCCESS\" > \"${SCRIPT_OUTPUT_FILE_0}\"\n";
			showEnvVarsInLog = 0;
		};
/* End PBXShellScriptBuildPhase section */

/* Begin PBXSourcesBuildPhase section */
		C8FAD9F022133D840067CBB3 /* Sources */ = {
			isa = PBXSourcesBuildPhase;
			buildActionMask = 2147483647;
			files = (
				C868D5DA2218521100AAC7C9 /* Advertiser.swift in Sources */,
				C8FADA14221424EE0067CBB3 /* CardView.swift in Sources */,
				C8FAD9FA22133D840067CBB3 /* HomeController.swift in Sources */,
				C8FADA1222140A580067CBB3 /* TopNavigationStackView.swift in Sources */,
				C8FADA0E2214029D0067CBB3 /* HomeBottomControlsStackView.swift in Sources */,
				C868D5D52217169400AAC7C9 /* User.swift in Sources */,
				C8A58854221C521B0033AB7B /* RegistrationController.swift in Sources */,
				C8FADA10221405F00067CBB3 /* HomeScreenView.swift in Sources */,
				C8A58856221C5EB30033AB7B /* CustomTextField.swift in Sources */,
				C8A58858221D65750033AB7B /* RegistrationViewModel.swift in Sources */,
				C8FAD9F822133D840067CBB3 /* AppDelegate.swift in Sources */,
				C8FADA0B2213423D0067CBB3 /* Extensions+UIView.swift in Sources */,
				C868D5D8221721E900AAC7C9 /* CardViewModel.swift in Sources */,
			);
			runOnlyForDeploymentPostprocessing = 0;
		};
/* End PBXSourcesBuildPhase section */

/* Begin PBXVariantGroup section */
		C8FAD9FB22133D840067CBB3 /* Main.storyboard */ = {
			isa = PBXVariantGroup;
			children = (
				C8FAD9FC22133D840067CBB3 /* Base */,
			);
			name = Main.storyboard;
			sourceTree = "<group>";
		};
		C8FADA0022133D860067CBB3 /* LaunchScreen.storyboard */ = {
			isa = PBXVariantGroup;
			children = (
				C8FADA0122133D860067CBB3 /* Base */,
			);
			name = LaunchScreen.storyboard;
			sourceTree = "<group>";
		};
/* End PBXVariantGroup section */

/* Begin XCBuildConfiguration section */
		C8FADA0422133D860067CBB3 /* Debug */ = {
			isa = XCBuildConfiguration;
			buildSettings = {
				ALWAYS_SEARCH_USER_PATHS = NO;
				CLANG_ANALYZER_NONNULL = YES;
				CLANG_ANALYZER_NUMBER_OBJECT_CONVERSION = YES_AGGRESSIVE;
				CLANG_CXX_LANGUAGE_STANDARD = "gnu++14";
				CLANG_CXX_LIBRARY = "libc++";
				CLANG_ENABLE_MODULES = YES;
				CLANG_ENABLE_OBJC_ARC = YES;
				CLANG_ENABLE_OBJC_WEAK = YES;
				CLANG_WARN_BLOCK_CAPTURE_AUTORELEASING = YES;
				CLANG_WARN_BOOL_CONVERSION = YES;
				CLANG_WARN_COMMA = YES;
				CLANG_WARN_CONSTANT_CONVERSION = YES;
				CLANG_WARN_DEPRECATED_OBJC_IMPLEMENTATIONS = YES;
				CLANG_WARN_DIRECT_OBJC_ISA_USAGE = YES_ERROR;
				CLANG_WARN_DOCUMENTATION_COMMENTS = YES;
				CLANG_WARN_EMPTY_BODY = YES;
				CLANG_WARN_ENUM_CONVERSION = YES;
				CLANG_WARN_INFINITE_RECURSION = YES;
				CLANG_WARN_INT_CONVERSION = YES;
				CLANG_WARN_NON_LITERAL_NULL_CONVERSION = YES;
				CLANG_WARN_OBJC_IMPLICIT_RETAIN_SELF = YES;
				CLANG_WARN_OBJC_LITERAL_CONVERSION = YES;
				CLANG_WARN_OBJC_ROOT_CLASS = YES_ERROR;
				CLANG_WARN_RANGE_LOOP_ANALYSIS = YES;
				CLANG_WARN_STRICT_PROTOTYPES = YES;
				CLANG_WARN_SUSPICIOUS_MOVE = YES;
				CLANG_WARN_UNGUARDED_AVAILABILITY = YES_AGGRESSIVE;
				CLANG_WARN_UNREACHABLE_CODE = YES;
				CLANG_WARN__DUPLICATE_METHOD_MATCH = YES;
				CODE_SIGN_IDENTITY = "iPhone Developer";
				COPY_PHASE_STRIP = NO;
				DEBUG_INFORMATION_FORMAT = dwarf;
				ENABLE_STRICT_OBJC_MSGSEND = YES;
				ENABLE_TESTABILITY = YES;
				GCC_C_LANGUAGE_STANDARD = gnu11;
				GCC_DYNAMIC_NO_PIC = NO;
				GCC_NO_COMMON_BLOCKS = YES;
				GCC_OPTIMIZATION_LEVEL = 0;
				GCC_PREPROCESSOR_DEFINITIONS = (
					"DEBUG=1",
					"$(inherited)",
				);
				GCC_WARN_64_TO_32_BIT_CONVERSION = YES;
				GCC_WARN_ABOUT_RETURN_TYPE = YES_ERROR;
				GCC_WARN_UNDECLARED_SELECTOR = YES;
				GCC_WARN_UNINITIALIZED_AUTOS = YES_AGGRESSIVE;
				GCC_WARN_UNUSED_FUNCTION = YES;
				GCC_WARN_UNUSED_VARIABLE = YES;
				IPHONEOS_DEPLOYMENT_TARGET = 12.1;
				MTL_ENABLE_DEBUG_INFO = INCLUDE_SOURCE;
				MTL_FAST_MATH = YES;
				ONLY_ACTIVE_ARCH = YES;
				SDKROOT = iphoneos;
				SWIFT_ACTIVE_COMPILATION_CONDITIONS = DEBUG;
				SWIFT_OPTIMIZATION_LEVEL = "-Onone";
			};
			name = Debug;
		};
		C8FADA0522133D860067CBB3 /* Release */ = {
			isa = XCBuildConfiguration;
			buildSettings = {
				ALWAYS_SEARCH_USER_PATHS = NO;
				CLANG_ANALYZER_NONNULL = YES;
				CLANG_ANALYZER_NUMBER_OBJECT_CONVERSION = YES_AGGRESSIVE;
				CLANG_CXX_LANGUAGE_STANDARD = "gnu++14";
				CLANG_CXX_LIBRARY = "libc++";
				CLANG_ENABLE_MODULES = YES;
				CLANG_ENABLE_OBJC_ARC = YES;
				CLANG_ENABLE_OBJC_WEAK = YES;
				CLANG_WARN_BLOCK_CAPTURE_AUTORELEASING = YES;
				CLANG_WARN_BOOL_CONVERSION = YES;
				CLANG_WARN_COMMA = YES;
				CLANG_WARN_CONSTANT_CONVERSION = YES;
				CLANG_WARN_DEPRECATED_OBJC_IMPLEMENTATIONS = YES;
				CLANG_WARN_DIRECT_OBJC_ISA_USAGE = YES_ERROR;
				CLANG_WARN_DOCUMENTATION_COMMENTS = YES;
				CLANG_WARN_EMPTY_BODY = YES;
				CLANG_WARN_ENUM_CONVERSION = YES;
				CLANG_WARN_INFINITE_RECURSION = YES;
				CLANG_WARN_INT_CONVERSION = YES;
				CLANG_WARN_NON_LITERAL_NULL_CONVERSION = YES;
				CLANG_WARN_OBJC_IMPLICIT_RETAIN_SELF = YES;
				CLANG_WARN_OBJC_LITERAL_CONVERSION = YES;
				CLANG_WARN_OBJC_ROOT_CLASS = YES_ERROR;
				CLANG_WARN_RANGE_LOOP_ANALYSIS = YES;
				CLANG_WARN_STRICT_PROTOTYPES = YES;
				CLANG_WARN_SUSPICIOUS_MOVE = YES;
				CLANG_WARN_UNGUARDED_AVAILABILITY = YES_AGGRESSIVE;
				CLANG_WARN_UNREACHABLE_CODE = YES;
				CLANG_WARN__DUPLICATE_METHOD_MATCH = YES;
				CODE_SIGN_IDENTITY = "iPhone Developer";
				COPY_PHASE_STRIP = NO;
				DEBUG_INFORMATION_FORMAT = "dwarf-with-dsym";
				ENABLE_NS_ASSERTIONS = NO;
				ENABLE_STRICT_OBJC_MSGSEND = YES;
				GCC_C_LANGUAGE_STANDARD = gnu11;
				GCC_NO_COMMON_BLOCKS = YES;
				GCC_WARN_64_TO_32_BIT_CONVERSION = YES;
				GCC_WARN_ABOUT_RETURN_TYPE = YES_ERROR;
				GCC_WARN_UNDECLARED_SELECTOR = YES;
				GCC_WARN_UNINITIALIZED_AUTOS = YES_AGGRESSIVE;
				GCC_WARN_UNUSED_FUNCTION = YES;
				GCC_WARN_UNUSED_VARIABLE = YES;
				IPHONEOS_DEPLOYMENT_TARGET = 12.1;
				MTL_ENABLE_DEBUG_INFO = NO;
				MTL_FAST_MATH = YES;
				SDKROOT = iphoneos;
				SWIFT_COMPILATION_MODE = wholemodule;
				SWIFT_OPTIMIZATION_LEVEL = "-O";
				VALIDATE_PRODUCT = YES;
			};
			name = Release;
		};
		C8FADA0722133D860067CBB3 /* Debug */ = {
			isa = XCBuildConfiguration;
			baseConfigurationReference = 74D7FF415D4AA8DDD79152CF /* Pods-Tinder.debug.xcconfig */;
			buildSettings = {
				ASSETCATALOG_COMPILER_APPICON_NAME = AppIcon;
				CODE_SIGN_STYLE = Automatic;
				DEVELOPMENT_TEAM = BRUZ42SH8K;
				INFOPLIST_FILE = Tinder/Info.plist;
				LD_RUNPATH_SEARCH_PATHS = (
					"$(inherited)",
					"@executable_path/Frameworks",
				);
				PRODUCT_BUNDLE_IDENTIFIER = com.LiroyYarimi.Tinder;
				PRODUCT_NAME = "$(TARGET_NAME)";
				SWIFT_VERSION = 4.2;
				TARGETED_DEVICE_FAMILY = 1;
			};
			name = Debug;
		};
		C8FADA0822133D860067CBB3 /* Release */ = {
			isa = XCBuildConfiguration;
			baseConfigurationReference = 81FDB3C0D296B1C4351821A7 /* Pods-Tinder.release.xcconfig */;
			buildSettings = {
				ASSETCATALOG_COMPILER_APPICON_NAME = AppIcon;
				CODE_SIGN_STYLE = Automatic;
				DEVELOPMENT_TEAM = BRUZ42SH8K;
				INFOPLIST_FILE = Tinder/Info.plist;
				LD_RUNPATH_SEARCH_PATHS = (
					"$(inherited)",
					"@executable_path/Frameworks",
				);
				PRODUCT_BUNDLE_IDENTIFIER = com.LiroyYarimi.Tinder;
				PRODUCT_NAME = "$(TARGET_NAME)";
				SWIFT_VERSION = 4.2;
				TARGETED_DEVICE_FAMILY = 1;
			};
			name = Release;
		};
/* End XCBuildConfiguration section */

/* Begin XCConfigurationList section */
		C8FAD9EF22133D840067CBB3 /* Build configuration list for PBXProject "Tinder" */ = {
			isa = XCConfigurationList;
			buildConfigurations = (
				C8FADA0422133D860067CBB3 /* Debug */,
				C8FADA0522133D860067CBB3 /* Release */,
			);
			defaultConfigurationIsVisible = 0;
			defaultConfigurationName = Release;
		};
		C8FADA0622133D860067CBB3 /* Build configuration list for PBXNativeTarget "Tinder" */ = {
			isa = XCConfigurationList;
			buildConfigurations = (
				C8FADA0722133D860067CBB3 /* Debug */,
				C8FADA0822133D860067CBB3 /* Release */,
			);
			defaultConfigurationIsVisible = 0;
			defaultConfigurationName = Release;
		};
/* End XCConfigurationList section */
	};
	rootObject = C8FAD9EC22133D840067CBB3 /* Project object */;
}
